
Microsoft Visual Studio Solution File, Format Version 12.00
# Visual Studio Version 17
VisualStudioVersion = 17.7.34221.43
MinimumVisualStudioVersion = 10.0.40219.1
Project("{FAE04EC0-301F-11D3-BF4B-00C04F79EFBC}") = "ShapAreaLib", "ShapAreaLib.csproj", "{DC2E9DF1-26F3-4552-BBDD-E92B6A4BE15F}"
EndProject
Global
	GlobalSection(SolutionConfigurationPlatforms) = preSolution
		Debug|Any CPU = Debug|Any CPU
		Release|Any CPU = Release|Any CPU
	EndGlobalSection
	GlobalSection(ProjectConfigurationPlatforms) = postSolution
		{DC2E9DF1-26F3-4552-BBDD-E92B6A4BE15F}.Debug|Any CPU.ActiveCfg = Debug|Any CPU
		{DC2E9DF1-26F3-4552-BBDD-E92B6A4BE15F}.Debug|Any CPU.Build.0 = Debug|Any CPU
		{DC2E9DF1-26F3-4552-BBDD-E92B6A4BE15F}.Release|Any CPU.ActiveCfg = Release|Any CPU
		{DC2E9DF1-26F3-4552-BBDD-E92B6A4BE15F}.Release|Any CPU.Build.0 = Release|Any CPU
	EndGlobalSection
	GlobalSection(SolutionProperties) = preSolution
		HideSolutionNode = FALSE
	EndGlobalSection
	GlobalSection(ExtensibilityGlobals) = postSolution
		SolutionGuid = {D5710F43-F944-4281-B07E-BB5F6E01CEB1}
	EndGlobalSection
EndGlobal
